
Microsoft Visual Studio Solution File, Format Version 12.00
# Visual Studio Version 16
VisualStudioVersion = 16.0.30406.217
MinimumVisualStudioVersion = 10.0.40219.1
Project("{FAE04EC0-301F-11D3-BF4B-00C04F79EFBC}") = "uKey2", "uKey2\uKey2.csproj", "{79E3D94E-EF15-4AEC-A3CF-04A395DE6C15}"
EndProject
Global
	GlobalSection(SolutionConfigurationPlatforms) = preSolution
		Debug|Any CPU = Debug|Any CPU
		Release|Any CPU = Release|Any CPU
	EndGlobalSection
	GlobalSection(ProjectConfigurationPlatforms) = postSolution
		{79E3D94E-EF15-4AEC-A3CF-04A395DE6C15}.Debug|Any CPU.ActiveCfg = Debug|Any CPU
		{79E3D94E-EF15-4AEC-A3CF-04A395DE6C15}.Debug|Any CPU.Build.0 = Debug|Any CPU
		{79E3D94E-EF15-4AEC-A3CF-04A395DE6C15}.Release|Any CPU.ActiveCfg = Release|Any CPU
		{79E3D94E-EF15-4AEC-A3CF-04A395DE6C15}.Release|Any CPU.Build.0 = Release|Any CPU
	EndGlobalSection
	GlobalSection(SolutionProperties) = preSolution
		HideSolutionNode = FALSE
	EndGlobalSection
	GlobalSection(ExtensibilityGlobals) = postSolution
		SolutionGuid = {38388D27-0A9A-4401-A1AF-7BE8084BE029}
	EndGlobalSection
EndGlobal
